<?xml version="1.0" encoding="utf-8"?>
<Project ToolsVersion="4.0" xmlns="http://schemas.microsoft.com/developer/msbuild/2003">
  <ItemGroup>
    <Filter Include="Application">
      <UniqueIdentifier>{03ae3b30-f260-4557-b390-afcc0d48f007}</UniqueIdentifier>
    </Filter>
    <Filter Include="Config">
      <UniqueIdentifier>{4966d432-4b2b-457a-a42c-59795d88f209}</UniqueIdentifier>
    </Filter>
    <Filter Include="GUI">
      <UniqueIdentifier>{195b1715-e110-44d7-b57b-3e5fe8ce524c}</UniqueIdentifier>
    </Filter>
    <Filter Include="GUI\Include">
      <UniqueIdentifier>{03510991-5993-4259-ab22-9a84d93df532}</UniqueIdentifier>
    </Filter>
    <Filter Include="GUI\Library">
      <UniqueIdentifier>{3c73e187-e233-48f4-be77-d82358a860ec}</UniqueIdentifier>
    </Filter>
    <Filter Include="Simulation">
      <UniqueIdentifier>{bbf090c5-dfd0-41d8-89f2-b58a9ae3ad34}</UniqueIdentifier>
    </Filter>
  </ItemGroup>
  <ItemGroup>
    <ClCompile Include="Config\GUIConf.c">
      <Filter>Config</Filter>
    </ClCompile>
    <ClCompile Include="Config\LCDConf.c">
      <Filter>Config</Filter>
    </ClCompile>
    <ClCompile Include="Config\SIMConf.c">
      <Filter>Config</Filter>
    </ClCompile>
    <ClCompile Include="Simulation\WinMain.c">
      <Filter>Simulation</Filter>
    </ClCompile>
    <ClCompile Include="Application\Background_480x272.c">
      <Filter>Application</Filter>
    </ClCompile>
    <ClCompile Include="Application\BackgroundWindow_480x272.c">
      <Filter>Application</Filter>
    </ClCompile>
    <ClCompile Include="Application\Icon_embOS_64x64.c">
      <Filter>Application</Filter>
    </ClCompile>
    <ClCompile Include="Application\Icon_emCompress_64x64.c">
      <Filter>Application</Filter>
    </ClCompile>
    <ClCompile Include="Application\Icon_emCrypt_64x64.c">
      <Filter>Application</Filter>
    </ClCompile>
    <ClCompile Include="Application\Icon_emFile_64x64.c">
      <Filter>Application</Filter>
    </ClCompile>
    <ClCompile Include="Application\Icon_emFTP_64x64.c">
      <Filter>Application</Filter>
    </ClCompile>
    <ClCompile Include="Application\Icon_emLib_64x64.c">
      <Filter>Application</Filter>
    </ClCompile>
    <ClCompile Include="Application\Icon_emLoad_64x64.c">
      <Filter>Application</Filter>
    </ClCompile>
    <ClCompile Include="Application\Icon_emModbus_64x64.c">
      <Filter>Application</Filter>
    </ClCompile>
    <ClCompile Include="Application\Icon_emMQTT_64x64.c">
      <Filter>Application</Filter>
    </ClCompile>
    <ClCompile Include="Application\Icon_emNet_64x64.c">
      <Filter>Application</Filter>
    </ClCompile>
    <ClCompile Include="Application\Icon_emPack_64x64.c">
      <Filter>Application</Filter>
    </ClCompile>
    <ClCompile Include="Application\Icon_emSecure_64x64.c">
      <Filter>Application</Filter>
    </ClCompile>
    <ClCompile Include="Application\Icon_emSSH_64x64.c">
      <Filter>Application</Filter>
    </ClCompile>
    <ClCompile Include="Application\Icon_emSSL_64x64.c">
      <Filter>Application</Filter>
    </ClCompile>
    <ClCompile Include="Application\Icon_emUSBD_64x64.c">
      <Filter>Application</Filter>
    </ClCompile>
    <ClCompile Include="Application\Icon_emUSBH_64x64.c">
      <Filter>Application</Filter>
    </ClCompile>
    <ClCompile Include="Application\Icon_emWeb_64x64.c">
      <Filter>Application</Filter>
    </ClCompile>
    <ClCompile Include="Application\Icon_emWin_64x64.c">
      <Filter>Application</Filter>
    </ClCompile>
    <ClCompile Include="Application\Icon_ES_64x64.c">
      <Filter>Application</Filter>
    </ClCompile>
    <ClCompile Include="Application\Icon_Flasher_64x64.c">
      <Filter>Application</Filter>
    </ClCompile>
    <ClCompile Include="Application\Icon_IoT_64x64.c">
      <Filter>Application</Filter>
    </ClCompile>
    <ClCompile Include="Application\Icon_JLink_64x64.c">
      <Filter>Application</Filter>
    </ClCompile>
    <ClCompile Include="Application\Icon_Ozone_64x64.c">
      <Filter>Application</Filter>
    </ClCompile>
    <ClCompile Include="Application\Icon_SysView_64x64.c">
      <Filter>Application</Filter>
    </ClCompile>
    <ClCompile Include="Application\Separator_218x21.c">
      <Filter>Application</Filter>
    </ClCompile>
    <ClCompile Include="Application\SWIPELIST_Demo.c">
      <Filter>Application</Filter>
    </ClCompile>
  </ItemGroup>
  <ItemGroup>
    <ClInclude Include="Config\GUIConf.h">
      <Filter>Config</Filter>
    </ClInclude>
    <ClInclude Include="Config\LCDConf.h">
      <Filter>Config</Filter>
    </ClInclude>
    <ClInclude Include="..\..\Program Files\Microsoft Visual Studio\VC98\Include\BASETSD.H">
      <Filter>Simulation</Filter>
    </ClInclude>
    <ClInclude Include="GUI\Include\BUTTON.h">
      <Filter>GUI\Include</Filter>
    </ClInclude>
    <ClInclude Include="GUI\Include\CALENDAR.h">
      <Filter>GUI\Include</Filter>
    </ClInclude>
    <ClInclude Include="GUI\Include\CHOOSECOLOR.h">
      <Filter>GUI\Include</Filter>
    </ClInclude>
    <ClInclude Include="GUI\Include\CHOOSEFILE.h">
      <Filter>GUI\Include</Filter>
    </ClInclude>
    <ClInclude Include="GUI\Include\DIALOG.h">
      <Filter>GUI\Include</Filter>
    </ClInclude>
    <ClInclude Include="GUI\Include\DROPDOWN.h">
      <Filter>GUI\Include</Filter>
    </ClInclude>
    <ClInclude Include="GUI\Include\EDIT.h">
      <Filter>GUI\Include</Filter>
    </ClInclude>
    <ClInclude Include="GUI\Include\FRAMEWIN.h">
      <Filter>GUI\Include</Filter>
    </ClInclude>
    <ClInclude Include="GUI\Include\GAUGE.h">
      <Filter>GUI\Include</Filter>
    </ClInclude>
    <ClInclude Include="GUI\Include\GRAPH.h">
      <Filter>GUI\Include</Filter>
    </ClInclude>
    <ClInclude Include="GUI\Include\GUI.h">
      <Filter>GUI\Include</Filter>
    </ClInclude>
    <ClInclude Include="GUI\Include\GUI_Version.h">
      <Filter>GUI\Include</Filter>
    </ClInclude>
    <ClInclude Include="GUI\Include\HEADER.h">
      <Filter>GUI\Include</Filter>
    </ClInclude>
    <ClInclude Include="GUI\Include\ICONVIEW.h">
      <Filter>GUI\Include</Filter>
    </ClInclude>
    <ClInclude Include="GUI\Include\IMAGE.h">
      <Filter>GUI\Include</Filter>
    </ClInclude>
    <ClInclude Include="GUI\Include\KEYBOARD.h">
      <Filter>GUI\Include</Filter>
    </ClInclude>
    <ClInclude Include="GUI\Include\KNOB.h">
      <Filter>GUI\Include</Filter>
    </ClInclude>
    <ClInclude Include="GUI\Include\LISTBOX.h">
      <Filter>GUI\Include</Filter>
    </ClInclude>
    <ClInclude Include="GUI\Include\LISTVIEW.h">
      <Filter>GUI\Include</Filter>
    </ClInclude>
    <ClInclude Include="GUI\Include\LISTWHEEL.h">
      <Filter>GUI\Include</Filter>
    </ClInclude>
    <ClInclude Include="GUI\Include\MENU.h">
      <Filter>GUI\Include</Filter>
    </ClInclude>
    <ClInclude Include="GUI\Include\MESSAGEBOX.h">
      <Filter>GUI\Include</Filter>
    </ClInclude>
    <ClInclude Include="GUI\Include\MOVIE.h">
      <Filter>GUI\Include</Filter>
    </ClInclude>
    <ClInclude Include="GUI\Include\MULTIEDIT.h">
      <Filter>GUI\Include</Filter>
    </ClInclude>
    <ClInclude Include="GUI\Include\MULTIPAGE.h">
      <Filter>GUI\Include</Filter>
    </ClInclude>
    <ClInclude Include="GUI\Include\PROGBAR.h">
      <Filter>GUI\Include</Filter>
    </ClInclude>
    <ClInclude Include="GUI\Include\QRCODE.h">
      <Filter>GUI\Include</Filter>
    </ClInclude>
    <ClInclude Include="GUI\Include\RADIO.h">
      <Filter>GUI\Include</Filter>
    </ClInclude>
    <ClInclude Include="GUI\Include\ROTARY.h">
      <Filter>GUI\Include</Filter>
    </ClInclude>
    <ClInclude Include="GUI\Include\SCROLLBAR.h">
      <Filter>GUI\Include</Filter>
    </ClInclude>
    <ClInclude Include="GUI\Include\SLIDER.h">
      <Filter>GUI\Include</Filter>
    </ClInclude>
    <ClInclude Include="GUI\Include\SPINBOX.h">
      <Filter>GUI\Include</Filter>
    </ClInclude>
    <ClInclude Include="GUI\Include\SWIPELIST.h">
      <Filter>GUI\Include</Filter>
    </ClInclude>
    <ClInclude Include="GUI\Include\SWITCH.h">
      <Filter>GUI\Include</Filter>
    </ClInclude>
    <ClInclude Include="GUI\Include\TEXT.h">
      <Filter>GUI\Include</Filter>
    </ClInclude>
    <ClInclude Include="GUI\Include\TICKER.h">
      <Filter>GUI\Include</Filter>
    </ClInclude>
    <ClInclude Include="GUI\Include\TREEVIEW.h">
      <Filter>GUI\Include</Filter>
    </ClInclude>
    <ClInclude Include="GUI\Include\WIDGET.h">
      <Filter>GUI\Include</Filter>
    </ClInclude>
    <ClInclude Include="GUI\Include\WM.h">
      <Filter>GUI\Include</Filter>
    </ClInclude>
    <ClInclude Include="GUI\Include\SCROLLER.h">
      <Filter>GUI\Include</Filter>
    </ClInclude>
    <ClInclude Include="GUI\Include\WHEEL.h">
      <Filter>GUI\Include</Filter>
    </ClInclude>
  </ItemGroup>
  <ItemGroup>
    <Library Include="GUI\Library\GUI.lib">
      <Filter>GUI\Library</Filter>
    </Library>
    <Library Include="Simulation\GUISim.lib">
      <Filter>Simulation</Filter>
    </Library>
  </ItemGroup>
  <ItemGroup>
    <Resource Include="Simulation\Simulation.res">
      <Filter>Simulation</Filter>
    </Resource>
  </ItemGroup>
</Project>